
Microsoft Visual Studio Solution File, Format Version 12.00
# Visual Studio Version 16
VisualStudioVersion = 16.0.30413.136
MinimumVisualStudioVersion = 10.0.40219.1
Project("{FAE04EC0-301F-11D3-BF4B-00C04F79EFBC}") = "geometry formulas calculator", "geometry formulas calculator.csproj", "{8AB41D92-030C-4278-93B7-94165B55289F}"
EndProject
Global
	GlobalSection(SolutionConfigurationPlatforms) = preSolution
		Debug|Any CPU = Debug|Any CPU
		Release|Any CPU = Release|Any CPU
	EndGlobalSection
	GlobalSection(ProjectConfigurationPlatforms) = postSolution
		{8AB41D92-030C-4278-93B7-94165B55289F}.Debug|Any CPU.ActiveCfg = Debug|Any CPU
		{8AB41D92-030C-4278-93B7-94165B55289F}.Debug|Any CPU.Build.0 = Debug|Any CPU
		{8AB41D92-030C-4278-93B7-94165B55289F}.Release|Any CPU.ActiveCfg = Release|Any CPU
		{8AB41D92-030C-4278-93B7-94165B55289F}.Release|Any CPU.Build.0 = Release|Any CPU
	EndGlobalSection
	GlobalSection(SolutionProperties) = preSolution
		HideSolutionNode = FALSE
	EndGlobalSection
	GlobalSection(ExtensibilityGlobals) = postSolution
		SolutionGuid = {80EC9F38-1E98-4166-8258-6135A7694C1F}
	EndGlobalSection
EndGlobal
